PODS:
  - MJRefresh (3.0.8)
  - ReactiveCocoa (2.5):
    - ReactiveCocoa/UI (= 2.5)
  - ReactiveCocoa/Core (2.5):
    - ReactiveCocoa/no-arc
  - ReactiveCocoa/no-arc (2.5)
  - ReactiveCocoa/UI (2.5):
    - ReactiveCocoa/Core
  - SDWebImage (4.0.0):
    - SDWebImage/Core (= 4.0.0)
  - SDWebImage/Core (4.0.0)

DEPENDENCIES:
  - MJRefresh (~> 3.0.7)
  - ReactiveCocoa (~> 2.0)
  - SDWebImage

SPEC CHECKSUMS:
  MJRefresh: fafde8f18f4afd66b434331a9beb67a6c0264056
  ReactiveCocoa: e2db045570aa97c695e7aa97c2bcab222ae51f4a
  SDWebImage: 76a6348bdc74eb5a55dd08a091ef298e56b55e41

PODFILE CHECKSUM: a4e336435e607aa6e364d9842be2297258afb7b9

COCOAPODS: 1.2.1
