// !$*UTF8*$!
{
	archiveVersion = 1;
	classes = {
	};
	objectVersion = 46;
	objects = {

/* Begin PBXBuildFile section */
		7BC4560FE13DB63ACCDA57EB /* libPods-XBTouTiao.a in Frameworks */ = {isa = PBXBuildFile; fileRef = FB2AA904E2D41DC8E4674478 /* libPods-XBTouTiao.a */; };
		F11D78641F0B24EA00DAA868 /* Assets.xcassets in Resources */ = {isa = PBXBuildFile; fileRef = F11D78631F0B24EA00DAA868 /* Assets.xcassets */; };
		F18FB6521F2C6CAA00EDAE17 /* BaseViewModel.m in Sources */ = {isa = PBXBuildFile; fileRef = F18FB47E1F2C6CA900EDAE17 /* BaseViewModel.m */; };
		F18FB6531F2C6CAA00EDAE17 /* NSString+Extend.m in Sources */ = {isa = PBXBuildFile; fileRef = F18FB4821F2C6CA900EDAE17 /* NSString+Extend.m */; };
		F18FB6541F2C6CAA00EDAE17 /* UIView+Convenience.m in Sources */ = {isa = PBXBuildFile; fileRef = F18FB4841F2C6CA900EDAE17 /* UIView+Convenience.m */; };
		F18FB6551F2C6CAA00EDAE17 /* UIViewController+PagingRefreshLoadMore.m in Sources */ = {isa = PBXBuildFile; fileRef = F18FB4861F2C6CA900EDAE17 /* UIViewController+PagingRefreshLoadMore.m */; };
		F18FB6561F2C6CAA00EDAE17 /* ImageManager.m in Sources */ = {isa = PBXBuildFile; fileRef = F18FB4891F2C6CA900EDAE17 /* ImageManager.m */; };
		F18FB65A1F2C6CAA00EDAE17 /* MainLayout.m in Sources */ = {isa = PBXBuildFile; fileRef = F18FB4931F2C6CA900EDAE17 /* MainLayout.m */; };
		F18FB65E1F2C6CAA00EDAE17 /* MainTitleModel.m in Sources */ = {isa = PBXBuildFile; fileRef = F18FB49C1F2C6CA900EDAE17 /* MainTitleModel.m */; };
		F18FB6631F2C6CAA00EDAE17 /* MainView.m in Sources */ = {isa = PBXBuildFile; fileRef = F18FB4A71F2C6CA900EDAE17 /* MainView.m */; };
		F18FB6661F2C6CAA00EDAE17 /* MainVC.m in Sources */ = {isa = PBXBuildFile; fileRef = F18FB4AF1F2C6CA900EDAE17 /* MainVC.m */; };
		F18FB6691F2C6CAA00EDAE17 /* MainViewModel.m in Sources */ = {isa = PBXBuildFile; fileRef = F18FB4B61F2C6CA900EDAE17 /* MainViewModel.m */; };
		F18FB7EE1F2C6CAB00EDAE17 /* Default-375w-667h@2x.png in Resources */ = {isa = PBXBuildFile; fileRef = F18FB6441F2C6CAA00EDAE17 /* Default-375w-667h@2x.png */; };
		F18FB7EF1F2C6CAB00EDAE17 /* Default-414w-736h@3x.png in Resources */ = {isa = PBXBuildFile; fileRef = F18FB6451F2C6CAA00EDAE17 /* Default-414w-736h@3x.png */; };
		F18FB7F01F2C6CAB00EDAE17 /* Default-568h@2x.png in Resources */ = {isa = PBXBuildFile; fileRef = F18FB6461F2C6CAA00EDAE17 /* Default-568h@2x.png */; };
		F18FB7F11F2C6CAB00EDAE17 /* Default.png in Resources */ = {isa = PBXBuildFile; fileRef = F18FB6471F2C6CAA00EDAE17 /* Default.png */; };
		F18FB7F21F2C6CAB00EDAE17 /* Default@2x.png in Resources */ = {isa = PBXBuildFile; fileRef = F18FB6481F2C6CAA00EDAE17 /* Default@2x.png */; };
		F18FB7F31F2C6CAB00EDAE17 /* AppDelegate.m in Sources */ = {isa = PBXBuildFile; fileRef = F18FB64B1F2C6CAA00EDAE17 /* AppDelegate.m */; };
		F18FB7F41F2C6CAB00EDAE17 /* Info.plist in Resources */ = {isa = PBXBuildFile; fileRef = F18FB64C1F2C6CAA00EDAE17 /* Info.plist */; };
		F18FB7F51F2C6CAB00EDAE17 /* main.m in Sources */ = {isa = PBXBuildFile; fileRef = F18FB64E1F2C6CAA00EDAE17 /* main.m */; };
		F1DC554E1F2C82BF00A24C66 /* DefaultView.m in Sources */ = {isa = PBXBuildFile; fileRef = F1DC55471F2C82BF00A24C66 /* DefaultView.m */; };
		F1DC554F1F2C82BF00A24C66 /* DefaultVC.m in Sources */ = {isa = PBXBuildFile; fileRef = F1DC554A1F2C82BF00A24C66 /* DefaultVC.m */; };
		F1DC55531F2C850800A24C66 /* SmartLoader.m in Sources */ = {isa = PBXBuildFile; fileRef = F1DC55521F2C850800A24C66 /* SmartLoader.m */; };
		F1DC55681F2D7BED00A24C66 /* AuthorEvaluateTimeLayout.m in Sources */ = {isa = PBXBuildFile; fileRef = F1DC555A1F2D7BED00A24C66 /* AuthorEvaluateTimeLayout.m */; };
		F1DC55691F2D7BED00A24C66 /* BaseLayout.m in Sources */ = {isa = PBXBuildFile; fileRef = F1DC555C1F2D7BED00A24C66 /* BaseLayout.m */; };
		F1DC556A1F2D7BED00A24C66 /* LeftTextRightPicLayout.m in Sources */ = {isa = PBXBuildFile; fileRef = F1DC555E1F2D7BED00A24C66 /* LeftTextRightPicLayout.m */; };
		F1DC556B1F2D7BED00A24C66 /* TopTextBottomPicLayout.m in Sources */ = {isa = PBXBuildFile; fileRef = F1DC55601F2D7BED00A24C66 /* TopTextBottomPicLayout.m */; };
		F1DC556C1F2D7BED00A24C66 /* AuthorEvaluateTimeModel.m in Sources */ = {isa = PBXBuildFile; fileRef = F1DC55631F2D7BED00A24C66 /* AuthorEvaluateTimeModel.m */; };
		F1DC556D1F2D7BED00A24C66 /* LeftTextRightPicModel.m in Sources */ = {isa = PBXBuildFile; fileRef = F1DC55651F2D7BED00A24C66 /* LeftTextRightPicModel.m */; };
		F1DC556E1F2D7BED00A24C66 /* TopTextBottomPicModel.m in Sources */ = {isa = PBXBuildFile; fileRef = F1DC55671F2D7BED00A24C66 /* TopTextBottomPicModel.m */; };
		F1DC55711F2D7C3200A24C66 /* ModuleModel.m in Sources */ = {isa = PBXBuildFile; fileRef = F1DC55701F2D7C3200A24C66 /* ModuleModel.m */; };
		F1DC557B1F2D7C8400A24C66 /* AuthorEvaluateTimeView.m in Sources */ = {isa = PBXBuildFile; fileRef = F1DC55731F2D7C8400A24C66 /* AuthorEvaluateTimeView.m */; };
		F1DC557C1F2D7C8400A24C66 /* LeftTextRightImageCell.m in Sources */ = {isa = PBXBuildFile; fileRef = F1DC55751F2D7C8400A24C66 /* LeftTextRightImageCell.m */; };
		F1DC557D1F2D7C8400A24C66 /* TopTextBottomPicCell.m in Sources */ = {isa = PBXBuildFile; fileRef = F1DC55771F2D7C8400A24C66 /* TopTextBottomPicCell.m */; };
		F1DC557E1F2D7C8400A24C66 /* UITableView+TitleIndex.m in Sources */ = {isa = PBXBuildFile; fileRef = F1DC55791F2D7C8400A24C66 /* UITableView+TitleIndex.m */; };
		F1DC55821F2D7CB500A24C66 /* UIViewController+TitleIndex.m in Sources */ = {isa = PBXBuildFile; fileRef = F1DC55811F2D7CB500A24C66 /* UIViewController+TitleIndex.m */; };
		F1DC55851F2D7D0F00A24C66 /* SliderPageReuseManager.m in Sources */ = {isa = PBXBuildFile; fileRef = F1DC55841F2D7D0F00A24C66 /* SliderPageReuseManager.m */; };
/* End PBXBuildFile section */

/* Begin PBXFileReference section */
		B9BBC3996CC8F43D847D6A7C /* Pods-XBTouTiao.debug.xcconfig */ = {isa = PBXFileReference; includeInIndex = 1; lastKnownFileType = text.xcconfig; name = "Pods-XBTouTiao.debug.xcconfig"; path = "Pods/Target Support Files/Pods-XBTouTiao/Pods-XBTouTiao.debug.xcconfig"; sourceTree = "<group>"; };
		F11D78541F0B24E900DAA868 /* XBTouTiao.app */ = {isa = PBXFileReference; explicitFileType = wrapper.application; includeInIndex = 0; path = XBTouTiao.app; sourceTree = BUILT_PRODUCTS_DIR; };
		F11D78631F0B24EA00DAA868 /* Assets.xcassets */ = {isa = PBXFileReference; lastKnownFileType = folder.assetcatalog; path = Assets.xcassets; sourceTree = "<group>"; };
		F18CEF5777EE377CA992B872 /* Pods-XBTouTiao.release.xcconfig */ = {isa = PBXFileReference; includeInIndex = 1; lastKnownFileType = text.xcconfig; name = "Pods-XBTouTiao.release.xcconfig"; path = "Pods/Target Support Files/Pods-XBTouTiao/Pods-XBTouTiao.release.xcconfig"; sourceTree = "<group>"; };
		F18FB47D1F2C6CA900EDAE17 /* BaseViewModel.h */ = {isa = PBXFileReference; fileEncoding = 4; lastKnownFileType = sourcecode.c.h; path = BaseViewModel.h; sourceTree = "<group>"; };
		F18FB47E1F2C6CA900EDAE17 /* BaseViewModel.m */ = {isa = PBXFileReference; fileEncoding = 4; lastKnownFileType = sourcecode.c.objc; path = BaseViewModel.m; sourceTree = "<group>"; };
		F18FB4811F2C6CA900EDAE17 /* NSString+Extend.h */ = {isa = PBXFileReference; fileEncoding = 4; lastKnownFileType = sourcecode.c.h; path = "NSString+Extend.h"; sourceTree = "<group>"; };
		F18FB4821F2C6CA900EDAE17 /* NSString+Extend.m */ = {isa = PBXFileReference; fileEncoding = 4; lastKnownFileType = sourcecode.c.objc; path = "NSString+Extend.m"; sourceTree = "<group>"; };
		F18FB4831F2C6CA900EDAE17 /* UIView+Convenience.h */ = {isa = PBXFileReference; fileEncoding = 4; lastKnownFileType = sourcecode.c.h; path = "UIView+Convenience.h"; sourceTree = "<group>"; };
		F18FB4841F2C6CA900EDAE17 /* UIView+Convenience.m */ = {isa = PBXFileReference; fileEncoding = 4; lastKnownFileType = sourcecode.c.objc; path = "UIView+Convenience.m"; sourceTree = "<group>"; };
		F18FB4851F2C6CA900EDAE17 /* UIViewController+PagingRefreshLoadMore.h */ = {isa = PBXFileReference; fileEncoding = 4; lastKnownFileType = sourcecode.c.h; path = "UIViewController+PagingRefreshLoadMore.h"; sourceTree = "<group>"; };
		F18FB4861F2C6CA900EDAE17 /* UIViewController+PagingRefreshLoadMore.m */ = {isa = PBXFileReference; fileEncoding = 4; lastKnownFileType = sourcecode.c.objc; path = "UIViewController+PagingRefreshLoadMore.m"; sourceTree = "<group>"; };
		F18FB4881F2C6CA900EDAE17 /* ImageManager.h */ = {isa = PBXFileReference; fileEncoding = 4; lastKnownFileType = sourcecode.c.h; path = ImageManager.h; sourceTree = "<group>"; };
		F18FB4891F2C6CA900EDAE17 /* ImageManager.m */ = {isa = PBXFileReference; fileEncoding = 4; lastKnownFileType = sourcecode.c.objc; path = ImageManager.m; sourceTree = "<group>"; };
		F18FB4921F2C6CA900EDAE17 /* MainLayout.h */ = {isa = PBXFileReference; fileEncoding = 4; lastKnownFileType = sourcecode.c.h; path = MainLayout.h; sourceTree = "<group>"; };
		F18FB4931F2C6CA900EDAE17 /* MainLayout.m */ = {isa = PBXFileReference; fileEncoding = 4; lastKnownFileType = sourcecode.c.objc; path = MainLayout.m; sourceTree = "<group>"; };
		F18FB49B1F2C6CA900EDAE17 /* MainTitleModel.h */ = {isa = PBXFileReference; fileEncoding = 4; lastKnownFileType = sourcecode.c.h; path = MainTitleModel.h; sourceTree = "<group>"; };
		F18FB49C1F2C6CA900EDAE17 /* MainTitleModel.m */ = {isa = PBXFileReference; fileEncoding = 4; lastKnownFileType = sourcecode.c.objc; path = MainTitleModel.m; sourceTree = "<group>"; };
		F18FB4A61F2C6CA900EDAE17 /* MainView.h */ = {isa = PBXFileReference; fileEncoding = 4; lastKnownFileType = sourcecode.c.h; path = MainView.h; sourceTree = "<group>"; };
		F18FB4A71F2C6CA900EDAE17 /* MainView.m */ = {isa = PBXFileReference; fileEncoding = 4; lastKnownFileType = sourcecode.c.objc; path = MainView.m; sourceTree = "<group>"; };
		F18FB4AE1F2C6CA900EDAE17 /* MainVC.h */ = {isa = PBXFileReference; fileEncoding = 4; lastKnownFileType = sourcecode.c.h; path = MainVC.h; sourceTree = "<group>"; };
		F18FB4AF1F2C6CA900EDAE17 /* MainVC.m */ = {isa = PBXFileReference; fileEncoding = 4; lastKnownFileType = sourcecode.c.objc; path = MainVC.m; sourceTree = "<group>"; };
		F18FB4B51F2C6CA900EDAE17 /* MainViewModel.h */ = {isa = PBXFileReference; fileEncoding = 4; lastKnownFileType = sourcecode.c.h; path = MainViewModel.h; sourceTree = "<group>"; };
		F18FB4B61F2C6CA900EDAE17 /* MainViewModel.m */ = {isa = PBXFileReference; fileEncoding = 4; lastKnownFileType = sourcecode.c.objc; path = MainViewModel.m; sourceTree = "<group>"; };
		F18FB6441F2C6CAA00EDAE17 /* Default-375w-667h@2x.png */ = {isa = PBXFileReference; lastKnownFileType = image.png; path = "Default-375w-667h@2x.png"; sourceTree = "<group>"; };
		F18FB6451F2C6CAA00EDAE17 /* Default-414w-736h@3x.png */ = {isa = PBXFileReference; lastKnownFileType = image.png; path = "Default-414w-736h@3x.png"; sourceTree = "<group>"; };
		F18FB6461F2C6CAA00EDAE17 /* Default-568h@2x.png */ = {isa = PBXFileReference; lastKnownFileType = image.png; path = "Default-568h@2x.png"; sourceTree = "<group>"; };
		F18FB6471F2C6CAA00EDAE17 /* Default.png */ = {isa = PBXFileReference; lastKnownFileType = image.png; path = Default.png; sourceTree = "<group>"; };
		F18FB6481F2C6CAA00EDAE17 /* Default@2x.png */ = {isa = PBXFileReference; lastKnownFileType = image.png; path = "Default@2x.png"; sourceTree = "<group>"; };
		F18FB64A1F2C6CAA00EDAE17 /* AppDelegate.h */ = {isa = PBXFileReference; fileEncoding = 4; lastKnownFileType = sourcecode.c.h; path = AppDelegate.h; sourceTree = "<group>"; };
		F18FB64B1F2C6CAA00EDAE17 /* AppDelegate.m */ = {isa = PBXFileReference; fileEncoding = 4; lastKnownFileType = sourcecode.c.objc; path = AppDelegate.m; sourceTree = "<group>"; };
		F18FB64C1F2C6CAA00EDAE17 /* Info.plist */ = {isa = PBXFileReference; fileEncoding = 4; lastKnownFileType = text.plist.xml; path = Info.plist; sourceTree = "<group>"; };
		F18FB64D1F2C6CAA00EDAE17 /* MacroDefinition.h */ = {isa = PBXFileReference; fileEncoding = 4; lastKnownFileType = sourcecode.c.h; path = MacroDefinition.h; sourceTree = "<group>"; };
		F18FB64E1F2C6CAA00EDAE17 /* main.m */ = {isa = PBXFileReference; fileEncoding = 4; lastKnownFileType = sourcecode.c.objc; path = main.m; sourceTree = "<group>"; };
		F18FB6511F2C6CAA00EDAE17 /* XBFramework.pch */ = {isa = PBXFileReference; fileEncoding = 4; lastKnownFileType = sourcecode.c.h; path = XBFramework.pch; sourceTree = "<group>"; };
		F1DC55461F2C82BF00A24C66 /* DefaultView.h */ = {isa = PBXFileReference; fileEncoding = 4; lastKnownFileType = sourcecode.c.h; path = DefaultView.h; sourceTree = "<group>"; };
		F1DC55471F2C82BF00A24C66 /* DefaultView.m */ = {isa = PBXFileReference; fileEncoding = 4; lastKnownFileType = sourcecode.c.objc; path = DefaultView.m; sourceTree = "<group>"; };
		F1DC55491F2C82BF00A24C66 /* DefaultVC.h */ = {isa = PBXFileReference; fileEncoding = 4; lastKnownFileType = sourcecode.c.h; path = DefaultVC.h; sourceTree = "<group>"; };
		F1DC554A1F2C82BF00A24C66 /* DefaultVC.m */ = {isa = PBXFileReference; fileEncoding = 4; lastKnownFileType = sourcecode.c.objc; path = DefaultVC.m; sourceTree = "<group>"; };
		F1DC55511F2C850800A24C66 /* SmartLoader.h */ = {isa = PBXFileReference; fileEncoding = 4; lastKnownFileType = sourcecode.c.h; path = SmartLoader.h; sourceTree = "<group>"; };
		F1DC55521F2C850800A24C66 /* SmartLoader.m */ = {isa = PBXFileReference; fileEncoding = 4; lastKnownFileType = sourcecode.c.objc; path = SmartLoader.m; sourceTree = "<group>"; };
		F1DC55591F2D7BED00A24C66 /* AuthorEvaluateTimeLayout.h */ = {isa = PBXFileReference; fileEncoding = 4; lastKnownFileType = sourcecode.c.h; path = AuthorEvaluateTimeLayout.h; sourceTree = "<group>"; };
		F1DC555A1F2D7BED00A24C66 /* AuthorEvaluateTimeLayout.m */ = {isa = PBXFileReference; fileEncoding = 4; lastKnownFileType = sourcecode.c.objc; path = AuthorEvaluateTimeLayout.m; sourceTree = "<group>"; };
		F1DC555B1F2D7BED00A24C66 /* BaseLayout.h */ = {isa = PBXFileReference; fileEncoding = 4; lastKnownFileType = sourcecode.c.h; path = BaseLayout.h; sourceTree = "<group>"; };
		F1DC555C1F2D7BED00A24C66 /* BaseLayout.m */ = {isa = PBXFileReference; fileEncoding = 4; lastKnownFileType = sourcecode.c.objc; path = BaseLayout.m; sourceTree = "<group>"; };
		F1DC555D1F2D7BED00A24C66 /* LeftTextRightPicLayout.h */ = {isa = PBXFileReference; fileEncoding = 4; lastKnownFileType = sourcecode.c.h; path = LeftTextRightPicLayout.h; sourceTree = "<group>"; };
		F1DC555E1F2D7BED00A24C66 /* LeftTextRightPicLayout.m */ = {isa = PBXFileReference; fileEncoding = 4; lastKnownFileType = sourcecode.c.objc; path = LeftTextRightPicLayout.m; sourceTree = "<group>"; };
		F1DC555F1F2D7BED00A24C66 /* TopTextBottomPicLayout.h */ = {isa = PBXFileReference; fileEncoding = 4; lastKnownFileType = sourcecode.c.h; path = TopTextBottomPicLayout.h; sourceTree = "<group>"; };
		F1DC55601F2D7BED00A24C66 /* TopTextBottomPicLayout.m */ = {isa = PBXFileReference; fileEncoding = 4; lastKnownFileType = sourcecode.c.objc; path = TopTextBottomPicLayout.m; sourceTree = "<group>"; };
		F1DC55621F2D7BED00A24C66 /* AuthorEvaluateTimeModel.h */ = {isa = PBXFileReference; fileEncoding = 4; lastKnownFileType = sourcecode.c.h; path = AuthorEvaluateTimeModel.h; sourceTree = "<group>"; };
		F1DC55631F2D7BED00A24C66 /* AuthorEvaluateTimeModel.m */ = {isa = PBXFileReference; fileEncoding = 4; lastKnownFileType = sourcecode.c.objc; path = AuthorEvaluateTimeModel.m; sourceTree = "<group>"; };
		F1DC55641F2D7BED00A24C66 /* LeftTextRightPicModel.h */ = {isa = PBXFileReference; fileEncoding = 4; lastKnownFileType = sourcecode.c.h; path = LeftTextRightPicModel.h; sourceTree = "<group>"; };
		F1DC55651F2D7BED00A24C66 /* LeftTextRightPicModel.m */ = {isa = PBXFileReference; fileEncoding = 4; lastKnownFileType = sourcecode.c.objc; path = LeftTextRightPicModel.m; sourceTree = "<group>"; };
		F1DC55661F2D7BED00A24C66 /* TopTextBottomPicModel.h */ = {isa = PBXFileReference; fileEncoding = 4; lastKnownFileType = sourcecode.c.h; path = TopTextBottomPicModel.h; sourceTree = "<group>"; };
		F1DC55671F2D7BED00A24C66 /* TopTextBottomPicModel.m */ = {isa = PBXFileReference; fileEncoding = 4; lastKnownFileType = sourcecode.c.objc; path = TopTextBottomPicModel.m; sourceTree = "<group>"; };
		F1DC556F1F2D7C3200A24C66 /* ModuleModel.h */ = {isa = PBXFileReference; fileEncoding = 4; lastKnownFileType = sourcecode.c.h; path = ModuleModel.h; sourceTree = "<group>"; };
		F1DC55701F2D7C3200A24C66 /* ModuleModel.m */ = {isa = PBXFileReference; fileEncoding = 4; lastKnownFileType = sourcecode.c.objc; path = ModuleModel.m; sourceTree = "<group>"; };
		F1DC55721F2D7C8400A24C66 /* AuthorEvaluateTimeView.h */ = {isa = PBXFileReference; fileEncoding = 4; lastKnownFileType = sourcecode.c.h; path = AuthorEvaluateTimeView.h; sourceTree = "<group>"; };
		F1DC55731F2D7C8400A24C66 /* AuthorEvaluateTimeView.m */ = {isa = PBXFileReference; fileEncoding = 4; lastKnownFileType = sourcecode.c.objc; path = AuthorEvaluateTimeView.m; sourceTree = "<group>"; };
		F1DC55741F2D7C8400A24C66 /* LeftTextRightImageCell.h */ = {isa = PBXFileReference; fileEncoding = 4; lastKnownFileType = sourcecode.c.h; path = LeftTextRightImageCell.h; sourceTree = "<group>"; };
		F1DC55751F2D7C8400A24C66 /* LeftTextRightImageCell.m */ = {isa = PBXFileReference; fileEncoding = 4; lastKnownFileType = sourcecode.c.objc; path = LeftTextRightImageCell.m; sourceTree = "<group>"; };
		F1DC55761F2D7C8400A24C66 /* TopTextBottomPicCell.h */ = {isa = PBXFileReference; fileEncoding = 4; lastKnownFileType = sourcecode.c.h; path = TopTextBottomPicCell.h; sourceTree = "<group>"; };
		F1DC55771F2D7C8400A24C66 /* TopTextBottomPicCell.m */ = {isa = PBXFileReference; fileEncoding = 4; lastKnownFileType = sourcecode.c.objc; path = TopTextBottomPicCell.m; sourceTree = "<group>"; };
		F1DC55781F2D7C8400A24C66 /* UITableView+TitleIndex.h */ = {isa = PBXFileReference; fileEncoding = 4; lastKnownFileType = sourcecode.c.h; path = "UITableView+TitleIndex.h"; sourceTree = "<group>"; };
		F1DC55791F2D7C8400A24C66 /* UITableView+TitleIndex.m */ = {isa = PBXFileReference; fileEncoding = 4; lastKnownFileType = sourcecode.c.objc; path = "UITableView+TitleIndex.m"; sourceTree = "<group>"; };
		F1DC557A1F2D7C8400A24C66 /* ViewMacro.h */ = {isa = PBXFileReference; fileEncoding = 4; lastKnownFileType = sourcecode.c.h; path = ViewMacro.h; sourceTree = "<group>"; };
		F1DC55801F2D7CB500A24C66 /* UIViewController+TitleIndex.h */ = {isa = PBXFileReference; fileEncoding = 4; lastKnownFileType = sourcecode.c.h; path = "UIViewController+TitleIndex.h"; sourceTree = "<group>"; };
		F1DC55811F2D7CB500A24C66 /* UIViewController+TitleIndex.m */ = {isa = PBXFileReference; fileEncoding = 4; lastKnownFileType = sourcecode.c.objc; path = "UIViewController+TitleIndex.m"; sourceTree = "<group>"; };
		F1DC55831F2D7D0F00A24C66 /* SliderPageReuseManager.h */ = {isa = PBXFileReference; fileEncoding = 4; lastKnownFileType = sourcecode.c.h; path = SliderPageReuseManager.h; sourceTree = "<group>"; };
		F1DC55841F2D7D0F00A24C66 /* SliderPageReuseManager.m */ = {isa = PBXFileReference; fileEncoding = 4; lastKnownFileType = sourcecode.c.objc; path = SliderPageReuseManager.m; sourceTree = "<group>"; };
		FB2AA904E2D41DC8E4674478 /* libPods-XBTouTiao.a */ = {isa = PBXFileReference; explicitFileType = archive.ar; includeInIndex = 0; path = "libPods-XBTouTiao.a"; sourceTree = BUILT_PRODUCTS_DIR; };
/* End PBXFileReference section */

/* Begin PBXFrameworksBuildPhase section */
		F11D78511F0B24E900DAA868 /* Frameworks */ = {
			isa = PBXFrameworksBuildPhase;
			buildActionMask = 2147483647;
			files = (
				7BC4560FE13DB63ACCDA57EB /* libPods-XBTouTiao.a in Frameworks */,
			);
			runOnlyForDeploymentPostprocessing = 0;
		};
/* End PBXFrameworksBuildPhase section */

/* Begin PBXGroup section */
		4AD0B3164C837E715E1EFCDB /* Pods */ = {
			isa = PBXGroup;
			children = (
				B9BBC3996CC8F43D847D6A7C /* Pods-XBTouTiao.debug.xcconfig */,
				F18CEF5777EE377CA992B872 /* Pods-XBTouTiao.release.xcconfig */,
			);
			name = Pods;
			sourceTree = "<group>";
		};
		B29ECE0924655452298AC6DF /* Frameworks */ = {
			isa = PBXGroup;
			children = (
				FB2AA904E2D41DC8E4674478 /* libPods-XBTouTiao.a */,
			);
			name = Frameworks;
			sourceTree = "<group>";
		};
		F11D784B1F0B24E900DAA868 = {
			isa = PBXGroup;
			children = (
				F11D78561F0B24E900DAA868 /* XBTouTiao */,
				F11D78551F0B24E900DAA868 /* Products */,
				4AD0B3164C837E715E1EFCDB /* Pods */,
				B29ECE0924655452298AC6DF /* Frameworks */,
			);
			sourceTree = "<group>";
		};
		F11D78551F0B24E900DAA868 /* Products */ = {
			isa = PBXGroup;
			children = (
				F11D78541F0B24E900DAA868 /* XBTouTiao.app */,
			);
			name = Products;
			sourceTree = "<group>";
		};
		F11D78561F0B24E900DAA868 /* XBTouTiao */ = {
			isa = PBXGroup;
			children = (
				F18FB47B1F2C6CA900EDAE17 /* Base */,
				F18FB47F1F2C6CA900EDAE17 /* Extension */,
				F18FB48A1F2C6CA900EDAE17 /* Main */,
				F1DC55441F2C82BF00A24C66 /* Default */,
				F18FB4C11F2C6CA900EDAE17 /* Resource */,
				F18FB6491F2C6CAA00EDAE17 /* System */,
				F11D78631F0B24EA00DAA868 /* Assets.xcassets */,
			);
			path = XBTouTiao;
			sourceTree = "<group>";
		};
		F18FB47B1F2C6CA900EDAE17 /* Base */ = {
			isa = PBXGroup;
			children = (
				F1DC557F1F2D7CB500A24C66 /* ViewController */,
				F1DC55581F2D7BED00A24C66 /* Layout */,
				F1DC55611F2D7BED00A24C66 /* Model */,
				F18FB7F81F2C800E00EDAE17 /* View */,
				F18FB47C1F2C6CA900EDAE17 /* ViewModel */,
			);
			path = Base;
			sourceTree = "<group>";
		};
		F18FB47C1F2C6CA900EDAE17 /* ViewModel */ = {
			isa = PBXGroup;
			children = (
				F18FB47D1F2C6CA900EDAE17 /* BaseViewModel.h */,
				F18FB47E1F2C6CA900EDAE17 /* BaseViewModel.m */,
			);
			path = ViewModel;
			sourceTree = "<group>";
		};
		F18FB47F1F2C6CA900EDAE17 /* Extension */ = {
			isa = PBXGroup;
			children = (
				F18FB4801F2C6CA900EDAE17 /* Category */,
				F18FB4871F2C6CA900EDAE17 /* Tool */,
			);
			path = Extension;
			sourceTree = "<group>";
		};
		F18FB4801F2C6CA900EDAE17 /* Category */ = {
			isa = PBXGroup;
			children = (
				F18FB4811F2C6CA900EDAE17 /* NSString+Extend.h */,
				F18FB4821F2C6CA900EDAE17 /* NSString+Extend.m */,
				F18FB4831F2C6CA900EDAE17 /* UIView+Convenience.h */,
				F18FB4841F2C6CA900EDAE17 /* UIView+Convenience.m */,
				F18FB4851F2C6CA900EDAE17 /* UIViewController+PagingRefreshLoadMore.h */,
				F18FB4861F2C6CA900EDAE17 /* UIViewController+PagingRefreshLoadMore.m */,
			);
			path = Category;
			sourceTree = "<group>";
		};
		F18FB4871F2C6CA900EDAE17 /* Tool */ = {
			isa = PBXGroup;
			children = (
				F18FB4881F2C6CA900EDAE17 /* ImageManager.h */,
				F18FB4891F2C6CA900EDAE17 /* ImageManager.m */,
			);
			path = Tool;
			sourceTree = "<group>";
		};
		F18FB48A1F2C6CA900EDAE17 /* Main */ = {
			isa = PBXGroup;
			children = (
				F18FB48B1F2C6CA900EDAE17 /* Layout */,
				F18FB4961F2C6CA900EDAE17 /* Model */,
				F18FB4A11F2C6CA900EDAE17 /* View */,
				F18FB4AD1F2C6CA900EDAE17 /* ViewController */,
				F18FB4B41F2C6CA900EDAE17 /* ViewModel */,
				F1DC55831F2D7D0F00A24C66 /* SliderPageReuseManager.h */,
				F1DC55841F2D7D0F00A24C66 /* SliderPageReuseManager.m */,
				F1DC55511F2C850800A24C66 /* SmartLoader.h */,
				F1DC55521F2C850800A24C66 /* SmartLoader.m */,
			);
			path = Main;
			sourceTree = "<group>";
		};
		F18FB48B1F2C6CA900EDAE17 /* Layout */ = {
			isa = PBXGroup;
			children = (
				F18FB4921F2C6CA900EDAE17 /* MainLayout.h */,
				F18FB4931F2C6CA900EDAE17 /* MainLayout.m */,
			);
			path = Layout;
			sourceTree = "<group>";
		};
		F18FB4961F2C6CA900EDAE17 /* Model */ = {
			isa = PBXGroup;
			children = (
				F18FB49B1F2C6CA900EDAE17 /* MainTitleModel.h */,
				F18FB49C1F2C6CA900EDAE17 /* MainTitleModel.m */,
			);
			path = Model;
			sourceTree = "<group>";
		};
		F18FB4A11F2C6CA900EDAE17 /* View */ = {
			isa = PBXGroup;
			children = (
				F18FB4A61F2C6CA900EDAE17 /* MainView.h */,
				F18FB4A71F2C6CA900EDAE17 /* MainView.m */,
			);
			path = View;
			sourceTree = "<group>";
		};
		F18FB4AD1F2C6CA900EDAE17 /* ViewController */ = {
			isa = PBXGroup;
			children = (
				F18FB4AE1F2C6CA900EDAE17 /* MainVC.h */,
				F18FB4AF1F2C6CA900EDAE17 /* MainVC.m */,
			);
			path = ViewController;
			sourceTree = "<group>";
		};
		F18FB4B41F2C6CA900EDAE17 /* ViewModel */ = {
			isa = PBXGroup;
			children = (
				F18FB4B51F2C6CA900EDAE17 /* MainViewModel.h */,
				F18FB4B61F2C6CA900EDAE17 /* MainViewModel.m */,
			);
			path = ViewModel;
			sourceTree = "<group>";
		};
		F18FB4C11F2C6CA900EDAE17 /* Resource */ = {
			isa = PBXGroup;
			children = (
				F18FB6441F2C6CAA00EDAE17 /* Default-375w-667h@2x.png */,
				F18FB6451F2C6CAA00EDAE17 /* Default-414w-736h@3x.png */,
				F18FB6461F2C6CAA00EDAE17 /* Default-568h@2x.png */,
				F18FB6471F2C6CAA00EDAE17 /* Default.png */,
				F18FB6481F2C6CAA00EDAE17 /* Default@2x.png */,
			);
			path = Resource;
			sourceTree = "<group>";
		};
		F18FB6491F2C6CAA00EDAE17 /* System */ = {
			isa = PBXGroup;
			children = (
				F18FB64A1F2C6CAA00EDAE17 /* AppDelegate.h */,
				F18FB64B1F2C6CAA00EDAE17 /* AppDelegate.m */,
				F18FB64C1F2C6CAA00EDAE17 /* Info.plist */,
				F18FB64D1F2C6CAA00EDAE17 /* MacroDefinition.h */,
				F18FB64E1F2C6CAA00EDAE17 /* main.m */,
				F18FB6511F2C6CAA00EDAE17 /* XBFramework.pch */,
			);
			path = System;
			sourceTree = "<group>";
		};
		F18FB7F81F2C800E00EDAE17 /* View */ = {
			isa = PBXGroup;
			children = (
				F1DC55721F2D7C8400A24C66 /* AuthorEvaluateTimeView.h */,
				F1DC55731F2D7C8400A24C66 /* AuthorEvaluateTimeView.m */,
				F1DC55741F2D7C8400A24C66 /* LeftTextRightImageCell.h */,
				F1DC55751F2D7C8400A24C66 /* LeftTextRightImageCell.m */,
				F1DC55761F2D7C8400A24C66 /* TopTextBottomPicCell.h */,
				F1DC55771F2D7C8400A24C66 /* TopTextBottomPicCell.m */,
				F1DC55781F2D7C8400A24C66 /* UITableView+TitleIndex.h */,
				F1DC55791F2D7C8400A24C66 /* UITableView+TitleIndex.m */,
				F1DC557A1F2D7C8400A24C66 /* ViewMacro.h */,
			);
			path = View;
			sourceTree = "<group>";
		};
		F1DC55441F2C82BF00A24C66 /* Default */ = {
			isa = PBXGroup;
			children = (
				F1DC55451F2C82BF00A24C66 /* View */,
				F1DC55481F2C82BF00A24C66 /* ViewController */,
				F1DC554B1F2C82BF00A24C66 /* ViewModel */,
			);
			path = Default;
			sourceTree = "<group>";
		};
		F1DC55451F2C82BF00A24C66 /* View */ = {
			isa = PBXGroup;
			children = (
				F1DC55461F2C82BF00A24C66 /* DefaultView.h */,
				F1DC55471F2C82BF00A24C66 /* DefaultView.m */,
			);
			path = View;
			sourceTree = "<group>";
		};
		F1DC55481F2C82BF00A24C66 /* ViewController */ = {
			isa = PBXGroup;
			children = (
				F1DC55491F2C82BF00A24C66 /* DefaultVC.h */,
				F1DC554A1F2C82BF00A24C66 /* DefaultVC.m */,
			);
			path = ViewController;
			sourceTree = "<group>";
		};
		F1DC554B1F2C82BF00A24C66 /* ViewModel */ = {
			isa = PBXGroup;
			children = (
			);
			path = ViewModel;
			sourceTree = "<group>";
		};
		F1DC55581F2D7BED00A24C66 /* Layout */ = {
			isa = PBXGroup;
			children = (
				F1DC55591F2D7BED00A24C66 /* AuthorEvaluateTimeLayout.h */,
				F1DC555A1F2D7BED00A24C66 /* AuthorEvaluateTimeLayout.m */,
				F1DC555B1F2D7BED00A24C66 /* BaseLayout.h */,
				F1DC555C1F2D7BED00A24C66 /* BaseLayout.m */,
				F1DC555D1F2D7BED00A24C66 /* LeftTextRightPicLayout.h */,
				F1DC555E1F2D7BED00A24C66 /* LeftTextRightPicLayout.m */,
				F1DC555F1F2D7BED00A24C66 /* TopTextBottomPicLayout.h */,
				F1DC55601F2D7BED00A24C66 /* TopTextBottomPicLayout.m */,
			);
			path = Layout;
			sourceTree = "<group>";
		};
		F1DC55611F2D7BED00A24C66 /* Model */ = {
			isa = PBXGroup;
			children = (
				F1DC556F1F2D7C3200A24C66 /* ModuleModel.h */,
				F1DC55701F2D7C3200A24C66 /* ModuleModel.m */,
				F1DC55621F2D7BED00A24C66 /* AuthorEvaluateTimeModel.h */,
				F1DC55631F2D7BED00A24C66 /* AuthorEvaluateTimeModel.m */,
				F1DC55641F2D7BED00A24C66 /* LeftTextRightPicModel.h */,
				F1DC55651F2D7BED00A24C66 /* LeftTextRightPicModel.m */,
				F1DC55661F2D7BED00A24C66 /* TopTextBottomPicModel.h */,
				F1DC55671F2D7BED00A24C66 /* TopTextBottomPicModel.m */,
			);
			path = Model;
			sourceTree = "<group>";
		};
		F1DC557F1F2D7CB500A24C66 /* ViewController */ = {
			isa = PBXGroup;
			children = (
				F1DC55801F2D7CB500A24C66 /* UIViewController+TitleIndex.h */,
				F1DC55811F2D7CB500A24C66 /* UIViewController+TitleIndex.m */,
			);
			path = ViewController;
			sourceTree = "<group>";
		};
/* End PBXGroup section */

/* Begin PBXNativeTarget section */
		F11D78531F0B24E900DAA868 /* XBTouTiao */ = {
			isa = PBXNativeTarget;
			buildConfigurationList = F11D786B1F0B24EA00DAA868 /* Build configuration list for PBXNativeTarget "XBTouTiao" */;
			buildPhases = (
				7CE3C5D72941A5AAD7EA0981 /* [CP] Check Pods Manifest.lock */,
				F11D78501F0B24E900DAA868 /* Sources */,
				F11D78511F0B24E900DAA868 /* Frameworks */,
				F11D78521F0B24E900DAA868 /* Resources */,
				C636D40CD47E8910521DF5A2 /* [CP] Embed Pods Frameworks */,
				EA4C70F31807FB5665833DBD /* [CP] Copy Pods Resources */,
			);
			buildRules = (
			);
			dependencies = (
			);
			name = XBTouTiao;
			productName = XBTouTiao;
			productReference = F11D78541F0B24E900DAA868 /* XBTouTiao.app */;
			productType = "com.apple.product-type.application";
		};
/* End PBXNativeTarget section */

/* Begin PBXProject section */
		F11D784C1F0B24E900DAA868 /* Project object */ = {
			isa = PBXProject;
			attributes = {
				LastUpgradeCheck = 0830;
				ORGANIZATIONNAME = com.xb;
				TargetAttributes = {
					F11D78531F0B24E900DAA868 = {
						CreatedOnToolsVersion = 8.3.3;
						DevelopmentTeam = 4C29NUCE35;
						ProvisioningStyle = Automatic;
					};
				};
			};
			buildConfigurationList = F11D784F1F0B24E900DAA868 /* Build configuration list for PBXProject "XBTouTiao" */;
			compatibilityVersion = "Xcode 3.2";
			developmentRegion = English;
			hasScannedForEncodings = 0;
			knownRegions = (
				en,
				Base,
			);
			mainGroup = F11D784B1F0B24E900DAA868;
			productRefGroup = F11D78551F0B24E900DAA868 /* Products */;
			projectDirPath = "";
			projectRoot = "";
			targets = (
				F11D78531F0B24E900DAA868 /* XBTouTiao */,
			);
		};
/* End PBXProject section */

/* Begin PBXResourcesBuildPhase section */
		F11D78521F0B24E900DAA868 /* Resources */ = {
			isa = PBXResourcesBuildPhase;
			buildActionMask = 2147483647;
			files = (
				F18FB7EF1F2C6CAB00EDAE17 /* Default-414w-736h@3x.png in Resources */,
				F18FB7F21F2C6CAB00EDAE17 /* Default@2x.png in Resources */,
				F18FB7EE1F2C6CAB00EDAE17 /* Default-375w-667h@2x.png in Resources */,
				F11D78641F0B24EA00DAA868 /* Assets.xcassets in Resources */,
				F18FB7F11F2C6CAB00EDAE17 /* Default.png in Resources */,
				F18FB7F41F2C6CAB00EDAE17 /* Info.plist in Resources */,
				F18FB7F01F2C6CAB00EDAE17 /* Default-568h@2x.png in Resources */,
			);
			runOnlyForDeploymentPostprocessing = 0;
		};
/* End PBXResourcesBuildPhase section */

/* Begin PBXShellScriptBuildPhase section */
		7CE3C5D72941A5AAD7EA0981 /* [CP] Check Pods Manifest.lock */ = {
			isa = PBXShellScriptBuildPhase;
			buildActionMask = 2147483647;
			files = (
			);
			inputPaths = (
			);
			name = "[CP] Check Pods Manifest.lock";
			outputPaths = (
			);
			runOnlyForDeploymentPostprocessing = 0;
			shellPath = /bin/sh;
			shellScript = "diff \"${PODS_PODFILE_DIR_PATH}/Podfile.lock\" \"${PODS_ROOT}/Manifest.lock\" > /dev/null\nif [ $? != 0 ] ; then\n    # print error to STDERR\n    echo \"error: The sandbox is not in sync with the Podfile.lock. Run 'pod install' or update your CocoaPods installation.\" >&2\n    exit 1\nfi\n";
			showEnvVarsInLog = 0;
		};
		C636D40CD47E8910521DF5A2 /* [CP] Embed Pods Frameworks */ = {
			isa = PBXShellScriptBuildPhase;
			buildActionMask = 2147483647;
			files = (
			);
			inputPaths = (
			);
			name = "[CP] Embed Pods Frameworks";
			outputPaths = (
			);
			runOnlyForDeploymentPostprocessing = 0;
			shellPath = /bin/sh;
			shellScript = "\"${SRCROOT}/Pods/Target Support Files/Pods-XBTouTiao/Pods-XBTouTiao-frameworks.sh\"\n";
			showEnvVarsInLog = 0;
		};
		EA4C70F31807FB5665833DBD /* [CP] Copy Pods Resources */ = {
			isa = PBXShellScriptBuildPhase;
			buildActionMask = 2147483647;
			files = (
			);
			inputPaths = (
			);
			name = "[CP] Copy Pods Resources";
			outputPaths = (
			);
			runOnlyForDeploymentPostprocessing = 0;
			shellPath = /bin/sh;
			shellScript = "\"${SRCROOT}/Pods/Target Support Files/Pods-XBTouTiao/Pods-XBTouTiao-resources.sh\"\n";
			showEnvVarsInLog = 0;
		};
/* End PBXShellScriptBuildPhase section */

/* Begin PBXSourcesBuildPhase section */
		F11D78501F0B24E900DAA868 /* Sources */ = {
			isa = PBXSourcesBuildPhase;
			buildActionMask = 2147483647;
			files = (
				F1DC55711F2D7C3200A24C66 /* ModuleModel.m in Sources */,
				F1DC55531F2C850800A24C66 /* SmartLoader.m in Sources */,
				F1DC556C1F2D7BED00A24C66 /* AuthorEvaluateTimeModel.m in Sources */,
				F1DC556D1F2D7BED00A24C66 /* LeftTextRightPicModel.m in Sources */,
				F18FB6691F2C6CAA00EDAE17 /* MainViewModel.m in Sources */,
				F18FB7F51F2C6CAB00EDAE17 /* main.m in Sources */,
				F18FB65E1F2C6CAA00EDAE17 /* MainTitleModel.m in Sources */,
				F18FB6541F2C6CAA00EDAE17 /* UIView+Convenience.m in Sources */,
				F1DC55691F2D7BED00A24C66 /* BaseLayout.m in Sources */,
				F1DC557C1F2D7C8400A24C66 /* LeftTextRightImageCell.m in Sources */,
				F1DC55681F2D7BED00A24C66 /* AuthorEvaluateTimeLayout.m in Sources */,
				F1DC55821F2D7CB500A24C66 /* UIViewController+TitleIndex.m in Sources */,
				F1DC557E1F2D7C8400A24C66 /* UITableView+TitleIndex.m in Sources */,
				F1DC556B1F2D7BED00A24C66 /* TopTextBottomPicLayout.m in Sources */,
				F18FB6521F2C6CAA00EDAE17 /* BaseViewModel.m in Sources */,
				F18FB6631F2C6CAA00EDAE17 /* MainView.m in Sources */,
				F1DC557B1F2D7C8400A24C66 /* AuthorEvaluateTimeView.m in Sources */,
				F1DC554E1F2C82BF00A24C66 /* DefaultView.m in Sources */,
				F18FB6661F2C6CAA00EDAE17 /* MainVC.m in Sources */,
				F1DC554F1F2C82BF00A24C66 /* DefaultVC.m in Sources */,
				F1DC556E1F2D7BED00A24C66 /* TopTextBottomPicModel.m in Sources */,
				F1DC55851F2D7D0F00A24C66 /* SliderPageReuseManager.m in Sources */,
				F1DC556A1F2D7BED00A24C66 /* LeftTextRightPicLayout.m in Sources */,
				F1DC557D1F2D7C8400A24C66 /* TopTextBottomPicCell.m in Sources */,
				F18FB6561F2C6CAA00EDAE17 /* ImageManager.m in Sources */,
				F18FB7F31F2C6CAB00EDAE17 /* AppDelegate.m in Sources */,
				F18FB6531F2C6CAA00EDAE17 /* NSString+Extend.m in Sources */,
				F18FB65A1F2C6CAA00EDAE17 /* MainLayout.m in Sources */,
				F18FB6551F2C6CAA00EDAE17 /* UIViewController+PagingRefreshLoadMore.m in Sources */,
			);
			runOnlyForDeploymentPostprocessing = 0;
		};
/* End PBXSourcesBuildPhase section */

/* Begin XCBuildConfiguration section */
		F11D78691F0B24EA00DAA868 /* Debug */ = {
			isa = XCBuildConfiguration;
			buildSettings = {
				ALWAYS_SEARCH_USER_PATHS = NO;
				CLANG_ANALYZER_NONNULL = YES;
				CLANG_ANALYZER_NUMBER_OBJECT_CONVERSION = YES_AGGRESSIVE;
				CLANG_CXX_LANGUAGE_STANDARD = "gnu++0x";
				CLANG_CXX_LIBRARY = "libc++";
				CLANG_ENABLE_MODULES = YES;
				CLANG_ENABLE_OBJC_ARC = YES;
				CLANG_WARN_BOOL_CONVERSION = YES;
				CLANG_WARN_CONSTANT_CONVERSION = YES;
				CLANG_WARN_DIRECT_OBJC_ISA_USAGE = YES_ERROR;
				CLANG_WARN_DOCUMENTATION_COMMENTS = YES;
				CLANG_WARN_EMPTY_BODY = YES;
				CLANG_WARN_ENUM_CONVERSION = YES;
				CLANG_WARN_INFINITE_RECURSION = YES;
				CLANG_WARN_INT_CONVERSION = YES;
				CLANG_WARN_OBJC_ROOT_CLASS = YES_ERROR;
				CLANG_WARN_SUSPICIOUS_MOVE = YES;
				CLANG_WARN_UNREACHABLE_CODE = YES;
				CLANG_WARN__DUPLICATE_METHOD_MATCH = YES;
				"CODE_SIGN_IDENTITY[sdk=iphoneos*]" = "iPhone Developer";
				COPY_PHASE_STRIP = NO;
				DEBUG_INFORMATION_FORMAT = dwarf;
				ENABLE_STRICT_OBJC_MSGSEND = YES;
				ENABLE_TESTABILITY = YES;
				GCC_C_LANGUAGE_STANDARD = gnu99;
				GCC_DYNAMIC_NO_PIC = NO;
				GCC_NO_COMMON_BLOCKS = YES;
				GCC_OPTIMIZATION_LEVEL = 0;
				GCC_PREPROCESSOR_DEFINITIONS = (
					"DEBUG=1",
					"$(inherited)",
				);
				GCC_WARN_64_TO_32_BIT_CONVERSION = YES;
				GCC_WARN_ABOUT_RETURN_TYPE = YES_ERROR;
				GCC_WARN_UNDECLARED_SELECTOR = YES;
				GCC_WARN_UNINITIALIZED_AUTOS = YES_AGGRESSIVE;
				GCC_WARN_UNUSED_FUNCTION = YES;
				GCC_WARN_UNUSED_VARIABLE = YES;
				IPHONEOS_DEPLOYMENT_TARGET = 10.3;
				MTL_ENABLE_DEBUG_INFO = YES;
				ONLY_ACTIVE_ARCH = YES;
				SDKROOT = iphoneos;
				TARGETED_DEVICE_FAMILY = "1,2";
			};
			name = Debug;
		};
		F11D786A1F0B24EA00DAA868 /* Release */ = {
			isa = XCBuildConfiguration;
			buildSettings = {
				ALWAYS_SEARCH_USER_PATHS = NO;
				CLANG_ANALYZER_NONNULL = YES;
				CLANG_ANALYZER_NUMBER_OBJECT_CONVERSION = YES_AGGRESSIVE;
				CLANG_CXX_LANGUAGE_STANDARD = "gnu++0x";
				CLANG_CXX_LIBRARY = "libc++";
				CLANG_ENABLE_MODULES = YES;
				CLANG_ENABLE_OBJC_ARC = YES;
				CLANG_WARN_BOOL_CONVERSION = YES;
				CLANG_WARN_CONSTANT_CONVERSION = YES;
				CLANG_WARN_DIRECT_OBJC_ISA_USAGE = YES_ERROR;
				CLANG_WARN_DOCUMENTATION_COMMENTS = YES;
				CLANG_WARN_EMPTY_BODY = YES;
				CLANG_WARN_ENUM_CONVERSION = YES;
				CLANG_WARN_INFINITE_RECURSION = YES;
				CLANG_WARN_INT_CONVERSION = YES;
				CLANG_WARN_OBJC_ROOT_CLASS = YES_ERROR;
				CLANG_WARN_SUSPICIOUS_MOVE = YES;
				CLANG_WARN_UNREACHABLE_CODE = YES;
				CLANG_WARN__DUPLICATE_METHOD_MATCH = YES;
				"CODE_SIGN_IDENTITY[sdk=iphoneos*]" = "iPhone Developer";
				COPY_PHASE_STRIP = NO;
				DEBUG_INFORMATION_FORMAT = "dwarf-with-dsym";
				ENABLE_NS_ASSERTIONS = NO;
				ENABLE_STRICT_OBJC_MSGSEND = YES;
				GCC_C_LANGUAGE_STANDARD = gnu99;
				GCC_NO_COMMON_BLOCKS = YES;
				GCC_WARN_64_TO_32_BIT_CONVERSION = YES;
				GCC_WARN_ABOUT_RETURN_TYPE = YES_ERROR;
				GCC_WARN_UNDECLARED_SELECTOR = YES;
				GCC_WARN_UNINITIALIZED_AUTOS = YES_AGGRESSIVE;
				GCC_WARN_UNUSED_FUNCTION = YES;
				GCC_WARN_UNUSED_VARIABLE = YES;
				IPHONEOS_DEPLOYMENT_TARGET = 10.3;
				MTL_ENABLE_DEBUG_INFO = NO;
				SDKROOT = iphoneos;
				TARGETED_DEVICE_FAMILY = "1,2";
				VALIDATE_PRODUCT = YES;
			};
			name = Release;
		};
		F11D786C1F0B24EA00DAA868 /* Debug */ = {
			isa = XCBuildConfiguration;
			baseConfigurationReference = B9BBC3996CC8F43D847D6A7C /* Pods-XBTouTiao.debug.xcconfig */;
			buildSettings = {
				ASSETCATALOG_COMPILER_APPICON_NAME = AppIcon;
				"CODE_SIGN_IDENTITY[sdk=iphoneos*]" = "iPhone Developer";
				DEVELOPMENT_TEAM = 4C29NUCE35;
				GCC_PREFIX_HEADER = XBTouTiao/System/XBFramework.pch;
				INFOPLIST_FILE = "$(SRCROOT)/XBTouTiao/System/Info.plist";
				LD_RUNPATH_SEARCH_PATHS = "$(inherited) @executable_path/Frameworks";
				PRODUCT_BUNDLE_IDENTIFIER = com.xb.XBTouTiao;
				PRODUCT_NAME = "$(TARGET_NAME)";
				PROVISIONING_PROFILE_SPECIFIER = "";
			};
			name = Debug;
		};
		F11D786D1F0B24EA00DAA868 /* Release */ = {
			isa = XCBuildConfiguration;
			baseConfigurationReference = F18CEF5777EE377CA992B872 /* Pods-XBTouTiao.release.xcconfig */;
			buildSettings = {
				ASSETCATALOG_COMPILER_APPICON_NAME = AppIcon;
				"CODE_SIGN_IDENTITY[sdk=iphoneos*]" = "iPhone Developer";
				DEVELOPMENT_TEAM = 4C29NUCE35;
				GCC_PREFIX_HEADER = XBTouTiao/System/XBFramework.pch;
				INFOPLIST_FILE = "$(SRCROOT)/XBTouTiao/System/Info.plist";
				LD_RUNPATH_SEARCH_PATHS = "$(inherited) @executable_path/Frameworks";
				PRODUCT_BUNDLE_IDENTIFIER = com.xb.XBTouTiao;
				PRODUCT_NAME = "$(TARGET_NAME)";
				PROVISIONING_PROFILE_SPECIFIER = "";
			};
			name = Release;
		};
/* End XCBuildConfiguration section */

/* Begin XCConfigurationList section */
		F11D784F1F0B24E900DAA868 /* Build configuration list for PBXProject "XBTouTiao" */ = {
			isa = XCConfigurationList;
			buildConfigurations = (
				F11D78691F0B24EA00DAA868 /* Debug */,
				F11D786A1F0B24EA00DAA868 /* Release */,
			);
			defaultConfigurationIsVisible = 0;
			defaultConfigurationName = Release;
		};
		F11D786B1F0B24EA00DAA868 /* Build configuration list for PBXNativeTarget "XBTouTiao" */ = {
			isa = XCConfigurationList;
			buildConfigurations = (
				F11D786C1F0B24EA00DAA868 /* Debug */,
				F11D786D1F0B24EA00DAA868 /* Release */,
			);
			defaultConfigurationIsVisible = 0;
			defaultConfigurationName = Release;
		};
/* End XCConfigurationList section */
	};
	rootObject = F11D784C1F0B24E900DAA868 /* Project object */;
}
